
Microsoft Visual Studio Solution File, Format Version 15.00
# Visual Studio 2017
Project("{2150E333-8FDC-42A3-9474-1A3956D46DE8}") = "Samples", "Samples", "{60E88349-6727-4BD9-84BD-5FB444A2A8CE}"
EndProject
Project("{FAE04EC0-301F-11D3-BF4B-00C04F79EFBC}") = "SampleProject", "samples\SampleProject\SampleProject.csproj", "{39D21D9B-7617-43FC-B554-F8270CFB711D}"
EndProject
Project("{2150E333-8FDC-42A3-9474-1A3956D46DE8}") = "Source", "Source", "{869D1F8F-ED50-4A68-913A-96A987A952C1}"
EndProject
Project("{FAE04EC0-301F-11D3-BF4B-00C04F79EFBC}") = "ACB.FCMPushNotifications.Core", "src\ACB.FCMPushNotifications.Core\ACB.FCMPushNotifications.Core.csproj", "{28A5CD33-E1D7-47BB-8C53-9D726DE4807C}"
EndProject
Project("{FAE04EC0-301F-11D3-BF4B-00C04F79EFBC}") = "ACB.FCMPushNotifications", "src\ACB.FCMPushNotifications\ACB.FCMPushNotifications.csproj", "{AF64AAE2-EB28-41BA-8EE4-1B954A48B117}"
EndProject
Global
	GlobalSection(SolutionConfigurationPlatforms) = preSolution
		Debug|Any CPU = Debug|Any CPU
		Release|Any CPU = Release|Any CPU
	EndGlobalSection
	GlobalSection(ProjectConfigurationPlatforms) = postSolution
		{39D21D9B-7617-43FC-B554-F8270CFB711D}.Debug|Any CPU.ActiveCfg = Debug|Any CPU
		{39D21D9B-7617-43FC-B554-F8270CFB711D}.Debug|Any CPU.Build.0 = Debug|Any CPU
		{39D21D9B-7617-43FC-B554-F8270CFB711D}.Release|Any CPU.ActiveCfg = Release|Any CPU
		{39D21D9B-7617-43FC-B554-F8270CFB711D}.Release|Any CPU.Build.0 = Release|Any CPU
		{28A5CD33-E1D7-47BB-8C53-9D726DE4807C}.Debug|Any CPU.ActiveCfg = Debug|Any CPU
		{28A5CD33-E1D7-47BB-8C53-9D726DE4807C}.Debug|Any CPU.Build.0 = Debug|Any CPU
		{28A5CD33-E1D7-47BB-8C53-9D726DE4807C}.Release|Any CPU.ActiveCfg = Release|Any CPU
		{28A5CD33-E1D7-47BB-8C53-9D726DE4807C}.Release|Any CPU.Build.0 = Release|Any CPU
		{AF64AAE2-EB28-41BA-8EE4-1B954A48B117}.Debug|Any CPU.ActiveCfg = Debug|Any CPU
		{AF64AAE2-EB28-41BA-8EE4-1B954A48B117}.Debug|Any CPU.Build.0 = Debug|Any CPU
		{AF64AAE2-EB28-41BA-8EE4-1B954A48B117}.Release|Any CPU.ActiveCfg = Release|Any CPU
		{AF64AAE2-EB28-41BA-8EE4-1B954A48B117}.Release|Any CPU.Build.0 = Release|Any CPU
	EndGlobalSection
	GlobalSection(NestedProjects) = preSolution
		{39D21D9B-7617-43FC-B554-F8270CFB711D} = {60E88349-6727-4BD9-84BD-5FB444A2A8CE}
		{28A5CD33-E1D7-47BB-8C53-9D726DE4807C} = {869D1F8F-ED50-4A68-913A-96A987A952C1}
		{AF64AAE2-EB28-41BA-8EE4-1B954A48B117} = {869D1F8F-ED50-4A68-913A-96A987A952C1}
	EndGlobalSection
	GlobalSection(MonoDevelopProperties) = preSolution
		version = 
	EndGlobalSection
EndGlobal
